
Microsoft Visual Studio Solution File, Format Version 12.00
# Visual Studio 15
VisualStudioVersion = 15.0.27004.2005
MinimumVisualStudioVersion = 10.0.40219.1
Project("{FAE04EC0-301F-11D3-BF4B-00C04F79EFBC}") = "Bot 1", "Bot 1\Bot 1.csproj", "{E87B719D-4E35-4F4D-91E4-86CE286D2BC0}"
EndProject
Project("{2150E333-8FDC-42A3-9474-1A3956D46DE8}") = "NewFolder1", "NewFolder1", "{F564D7F3-EA54-4077-88AB-E72F0AB38A18}"
EndProject
Global
	GlobalSection(SolutionConfigurationPlatforms) = preSolution
		Debug|Any CPU = Debug|Any CPU
		Release|Any CPU = Release|Any CPU
	EndGlobalSection
	GlobalSection(ProjectConfigurationPlatforms) = postSolution
		{E87B719D-4E35-4F4D-91E4-86CE286D2BC0}.Debug|Any CPU.ActiveCfg = Debug|Any CPU
		{E87B719D-4E35-4F4D-91E4-86CE286D2BC0}.Debug|Any CPU.Build.0 = Debug|Any CPU
		{E87B719D-4E35-4F4D-91E4-86CE286D2BC0}.Release|Any CPU.ActiveCfg = Release|Any CPU
		{E87B719D-4E35-4F4D-91E4-86CE286D2BC0}.Release|Any CPU.Build.0 = Release|Any CPU
	EndGlobalSection
	GlobalSection(SolutionProperties) = preSolution
		HideSolutionNode = FALSE
	EndGlobalSection
	GlobalSection(ExtensibilityGlobals) = postSolution
		SolutionGuid = {3E1E2F48-27B0-4241-8C04-48EAF392ADD4}
	EndGlobalSection
EndGlobal
